// !$*UTF8*$!
{
	archiveVersion = 1;
	classes = {
	};
	objectVersion = 46;
	objects = {

/* Begin PBXBuildFile section */
		960985CA1613105500BFBE51 /* CDRSRunFocused.m in Sources */ = {isa = PBXBuildFile; fileRef = 960985C91613105500BFBE51 /* CDRSRunFocused.m */; };
		960FA0931605819F00923A87 /* CoreFoundation.framework in Frameworks */ = {isa = PBXBuildFile; fileRef = 960FA0921605819F00923A87 /* CoreFoundation.framework */; };
		960FA0A2160584AC00923A87 /* CedarShortcuts.m in Sources */ = {isa = PBXBuildFile; fileRef = 960FA0A1160584AC00923A87 /* CedarShortcuts.m */; };
		960FA0A51605858E00923A87 /* AppKit.framework in Frameworks */ = {isa = PBXBuildFile; fileRef = 960FA0A31605858400923A87 /* AppKit.framework */; };
		9677A43D1612C65200A4708D /* NSObject+CDRSChainSelector.m in Sources */ = {isa = PBXBuildFile; fileRef = 9677A43C1612C65200A4708D /* NSObject+CDRSChainSelector.m */; };
		9677A4401612C6D700A4708D /* IDELaunchSession_CDRSCustomize.m in Sources */ = {isa = PBXBuildFile; fileRef = 9677A43F1612C6D700A4708D /* IDELaunchSession_CDRSCustomize.m */; };
		96D893941605C92700EA8AD3 /* CDRSShortcutsFile.m in Sources */ = {isa = PBXBuildFile; fileRef = 96D893931605C92700EA8AD3 /* CDRSShortcutsFile.m */; };
/* End PBXBuildFile section */

/* Begin PBXContainerItemProxy section */
		96387017161816B900BE29E7 /* PBXContainerItemProxy */ = {
			isa = PBXContainerItemProxy;
			containerPortal = 960FA0861605819F00923A87 /* Project object */;
			proxyType = 1;
			remoteGlobalIDString = 96387012161815C600BE29E7;
			remoteInfo = Clean;
		};
/* End PBXContainerItemProxy section */

/* Begin PBXFileReference section */
		960985C81613105500BFBE51 /* CDRSRunFocused.h */ = {isa = PBXFileReference; fileEncoding = 4; lastKnownFileType = sourcecode.c.h; path = CDRSRunFocused.h; sourceTree = "<group>"; };
		960985C91613105500BFBE51 /* CDRSRunFocused.m */ = {isa = PBXFileReference; fileEncoding = 4; lastKnownFileType = sourcecode.c.objc; path = CDRSRunFocused.m; sourceTree = "<group>"; };
		960FA08F1605819F00923A87 /* CedarShortcuts.xcplugin */ = {isa = PBXFileReference; explicitFileType = wrapper.cfbundle; includeInIndex = 0; path = CedarShortcuts.xcplugin; sourceTree = BUILT_PRODUCTS_DIR; };
		960FA0921605819F00923A87 /* CoreFoundation.framework */ = {isa = PBXFileReference; lastKnownFileType = wrapper.framework; name = CoreFoundation.framework; path = System/Library/Frameworks/CoreFoundation.framework; sourceTree = SDKROOT; };
		960FA0961605819F00923A87 /* Info.plist */ = {isa = PBXFileReference; lastKnownFileType = text.plist.xml; path = Info.plist; sourceTree = "<group>"; };
		960FA0A0160584AC00923A87 /* CedarShortcuts.h */ = {isa = PBXFileReference; fileEncoding = 4; lastKnownFileType = sourcecode.c.h; path = CedarShortcuts.h; sourceTree = "<group>"; };
		960FA0A1160584AC00923A87 /* CedarShortcuts.m */ = {isa = PBXFileReference; fileEncoding = 4; lastKnownFileType = sourcecode.c.objc; path = CedarShortcuts.m; sourceTree = "<group>"; };
		960FA0A31605858400923A87 /* AppKit.framework */ = {isa = PBXFileReference; lastKnownFileType = wrapper.framework; name = AppKit.framework; path = System/Library/Frameworks/AppKit.framework; sourceTree = SDKROOT; };
		96387016161816A500BE29E7 /* clean.sh */ = {isa = PBXFileReference; fileEncoding = 4; lastKnownFileType = text.script.sh; path = clean.sh; sourceTree = "<group>"; };
		9677A43A1612C61E00A4708D /* NSObject+CDRSChainSelector.h */ = {isa = PBXFileReference; lastKnownFileType = sourcecode.c.h; path = "NSObject+CDRSChainSelector.h"; sourceTree = "<group>"; };
		9677A43C1612C65200A4708D /* NSObject+CDRSChainSelector.m */ = {isa = PBXFileReference; fileEncoding = 4; lastKnownFileType = sourcecode.c.objc; path = "NSObject+CDRSChainSelector.m"; sourceTree = "<group>"; };
		9677A43E1612C6D700A4708D /* IDELaunchSession_CDRSCustomize.h */ = {isa = PBXFileReference; fileEncoding = 4; lastKnownFileType = sourcecode.c.h; path = IDELaunchSession_CDRSCustomize.h; sourceTree = "<group>"; };
		9677A43F1612C6D700A4708D /* IDELaunchSession_CDRSCustomize.m */ = {isa = PBXFileReference; fileEncoding = 4; lastKnownFileType = sourcecode.c.objc; path = IDELaunchSession_CDRSCustomize.m; sourceTree = "<group>"; };
		96D893921605C92700EA8AD3 /* CDRSShortcutsFile.h */ = {isa = PBXFileReference; fileEncoding = 4; lastKnownFileType = sourcecode.c.h; path = CDRSShortcutsFile.h; sourceTree = "<group>"; };
		96D893931605C92700EA8AD3 /* CDRSShortcutsFile.m */ = {isa = PBXFileReference; fileEncoding = 4; lastKnownFileType = sourcecode.c.objc; path = CDRSShortcutsFile.m; sourceTree = "<group>"; };
		96FF419916060A3300B461B4 /* README.md */ = {isa = PBXFileReference; fileEncoding = 4; lastKnownFileType = text; path = README.md; sourceTree = "<group>"; };
/* End PBXFileReference section */

/* Begin PBXFrameworksBuildPhase section */
		960FA08C1605819F00923A87 /* Frameworks */ = {
			isa = PBXFrameworksBuildPhase;
			buildActionMask = 2147483647;
			files = (
				960FA0A51605858E00923A87 /* AppKit.framework in Frameworks */,
				960FA0931605819F00923A87 /* CoreFoundation.framework in Frameworks */,
			);
			runOnlyForDeploymentPostprocessing = 0;
		};
/* End PBXFrameworksBuildPhase section */

/* Begin PBXGroup section */
		960FA0841605819F00923A87 = {
			isa = PBXGroup;
			children = (
				96FF419916060A3300B461B4 /* README.md */,
				960FA0941605819F00923A87 /* CedarShortcuts */,
				960FA0951605819F00923A87 /* Supporting Files */,
				960FA0911605819F00923A87 /* Frameworks */,
				960FA0901605819F00923A87 /* Products */,
			);
			sourceTree = "<group>";
		};
		960FA0901605819F00923A87 /* Products */ = {
			isa = PBXGroup;
			children = (
				960FA08F1605819F00923A87 /* CedarShortcuts.xcplugin */,
			);
			name = Products;
			sourceTree = "<group>";
		};
		960FA0911605819F00923A87 /* Frameworks */ = {
			isa = PBXGroup;
			children = (
				960FA0A31605858400923A87 /* AppKit.framework */,
				960FA0921605819F00923A87 /* CoreFoundation.framework */,
			);
			name = Frameworks;
			sourceTree = "<group>";
		};
		960FA0941605819F00923A87 /* CedarShortcuts */ = {
			isa = PBXGroup;
			children = (
				960FA0A0160584AC00923A87 /* CedarShortcuts.h */,
				960FA0A1160584AC00923A87 /* CedarShortcuts.m */,
				96D893921605C92700EA8AD3 /* CDRSShortcutsFile.h */,
				96D893931605C92700EA8AD3 /* CDRSShortcutsFile.m */,
				960985C81613105500BFBE51 /* CDRSRunFocused.h */,
				960985C91613105500BFBE51 /* CDRSRunFocused.m */,
				9677A43A1612C61E00A4708D /* NSObject+CDRSChainSelector.h */,
				9677A43C1612C65200A4708D /* NSObject+CDRSChainSelector.m */,
				9677A43E1612C6D700A4708D /* IDELaunchSession_CDRSCustomize.h */,
				9677A43F1612C6D700A4708D /* IDELaunchSession_CDRSCustomize.m */,
			);
			path = CedarShortcuts;
			sourceTree = "<group>";
		};
		960FA0951605819F00923A87 /* Supporting Files */ = {
			isa = PBXGroup;
			children = (
				960FA0961605819F00923A87 /* Info.plist */,
				96387016161816A500BE29E7 /* clean.sh */,
			);
			name = "Supporting Files";
			path = CedarShortcuts;
			sourceTree = "<group>";
		};
/* End PBXGroup section */

/* Begin PBXLegacyTarget section */
		96387012161815C600BE29E7 /* Clean */ = {
			isa = PBXLegacyTarget;
			buildArgumentsString = "${PROJECT_DIR}/${PROJECT}/clean.sh";
			buildConfigurationList = 96387013161815C600BE29E7 /* Build configuration list for PBXLegacyTarget "Clean" */;
			buildPhases = (
			);
			buildToolPath = /bin/sh;
			buildWorkingDirectory = "";
			dependencies = (
			);
			name = Clean;
			passBuildSettingsInEnvironment = 1;
			productName = Clean;
		};
/* End PBXLegacyTarget section */

/* Begin PBXNativeTarget section */
		960FA08E1605819F00923A87 /* CedarShortcuts */ = {
			isa = PBXNativeTarget;
			buildConfigurationList = 960FA09D160581A000923A87 /* Build configuration list for PBXNativeTarget "CedarShortcuts" */;
			buildPhases = (
				960FA08B1605819F00923A87 /* Sources */,
				960FA08C1605819F00923A87 /* Frameworks */,
			);
			buildRules = (
			);
			dependencies = (
				96387018161816B900BE29E7 /* PBXTargetDependency */,
			);
			name = CedarShortcuts;
			productName = CedarShortcuts;
			productReference = 960FA08F1605819F00923A87 /* CedarShortcuts.xcplugin */;
			productType = "com.apple.product-type.bundle";
		};
/* End PBXNativeTarget section */

/* Begin PBXProject section */
		960FA0861605819F00923A87 /* Project object */ = {
			isa = PBXProject;
			attributes = {
				LastUpgradeCheck = 0440;
			};
			buildConfigurationList = 960FA0891605819F00923A87 /* Build configuration list for PBXProject "CedarShortcuts" */;
			compatibilityVersion = "Xcode 3.2";
			developmentRegion = English;
			hasScannedForEncodings = 0;
			knownRegions = (
				en,
			);
			mainGroup = 960FA0841605819F00923A87;
			productRefGroup = 960FA0901605819F00923A87 /* Products */;
			projectDirPath = "";
			projectRoot = "";
			targets = (
				960FA08E1605819F00923A87 /* CedarShortcuts */,
				96387012161815C600BE29E7 /* Clean */,
			);
		};
/* End PBXProject section */

/* Begin PBXSourcesBuildPhase section */
		960FA08B1605819F00923A87 /* Sources */ = {
			isa = PBXSourcesBuildPhase;
			buildActionMask = 2147483647;
			files = (
				960FA0A2160584AC00923A87 /* CedarShortcuts.m in Sources */,
				96D893941605C92700EA8AD3 /* CDRSShortcutsFile.m in Sources */,
				9677A43D1612C65200A4708D /* NSObject+CDRSChainSelector.m in Sources */,
				9677A4401612C6D700A4708D /* IDELaunchSession_CDRSCustomize.m in Sources */,
				960985CA1613105500BFBE51 /* CDRSRunFocused.m in Sources */,
			);
			runOnlyForDeploymentPostprocessing = 0;
		};
/* End PBXSourcesBuildPhase section */

/* Begin PBXTargetDependency section */
		96387018161816B900BE29E7 /* PBXTargetDependency */ = {
			isa = PBXTargetDependency;
			target = 96387012161815C600BE29E7 /* Clean */;
			targetProxy = 96387017161816B900BE29E7 /* PBXContainerItemProxy */;
		};
/* End PBXTargetDependency section */

/* Begin XCBuildConfiguration section */
		960FA09B160581A000923A87 /* Debug */ = {
			isa = XCBuildConfiguration;
			buildSettings = {
				ARCHS = "$(ARCHS_STANDARD_32_64_BIT)";
				CLANG_WARN__DUPLICATE_METHOD_MATCH = YES;
				GCC_C_LANGUAGE_STANDARD = c99;
				GCC_OPTIMIZATION_LEVEL = 0;
				GCC_PREPROCESSOR_DEFINITIONS = (
					"DEBUG=1",
					"$(inherited)",
				);
				GCC_WARN_64_TO_32_BIT_CONVERSION = YES;
				GCC_WARN_ABOUT_RETURN_TYPE = YES;
				GCC_WARN_UNINITIALIZED_AUTOS = YES;
				GCC_WARN_UNUSED_VARIABLE = YES;
				INSTALL_PATH = "$(HOME)/Library/Application Support/Developer/Shared/Xcode/Plug-ins";
				SDKROOT = macosx;
			};
			name = Debug;
		};
		960FA09C160581A000923A87 /* Release */ = {
			isa = XCBuildConfiguration;
			buildSettings = {
				ARCHS = "$(ARCHS_STANDARD_32_64_BIT)";
				CLANG_WARN__DUPLICATE_METHOD_MATCH = YES;
				DEBUG_INFORMATION_FORMAT = "dwarf-with-dsym";
				GCC_C_LANGUAGE_STANDARD = c99;
				GCC_OPTIMIZATION_LEVEL = 0;
				GCC_WARN_64_TO_32_BIT_CONVERSION = YES;
				GCC_WARN_ABOUT_RETURN_TYPE = YES;
				GCC_WARN_UNINITIALIZED_AUTOS = YES;
				GCC_WARN_UNUSED_VARIABLE = YES;
				INSTALL_PATH = "$(HOME)/Library/Application Support/Developer/Shared/Xcode/Plug-ins";
				SDKROOT = macosx;
			};
			name = Release;
		};
		960FA09E160581A000923A87 /* Debug */ = {
			isa = XCBuildConfiguration;
			buildSettings = {
				COMBINE_HIDPI_IMAGES = YES;
				COPY_PHASE_STRIP = NO;
				DEPLOYMENT_LOCATION = YES;
				DEPLOYMENT_POSTPROCESSING = YES;
				DSTROOT = "$(HOME)";
				GCC_ENABLE_OBJC_GC = supported;
				GCC_MODEL_TUNING = G5;
				INFOPLIST_FILE = CedarShortcuts/Info.plist;
				INSTALL_PATH = "/Library/Application Support/Developer/Shared/Xcode/Plug-ins";
				LD_RUNPATH_SEARCH_PATHS = /Developer;
				PRODUCT_NAME = "$(TARGET_NAME)";
				STRIP_INSTALLED_PRODUCT = NO;
				WRAPPER_EXTENSION = xcplugin;
			};
			name = Debug;
		};
		960FA09F160581A000923A87 /* Release */ = {
			isa = XCBuildConfiguration;
			buildSettings = {
				COMBINE_HIDPI_IMAGES = YES;
				COPY_PHASE_STRIP = NO;
				DEPLOYMENT_LOCATION = YES;
				DEPLOYMENT_POSTPROCESSING = YES;
				DSTROOT = "$(HOME)";
				GCC_ENABLE_OBJC_GC = supported;
				GCC_MODEL_TUNING = G5;
				INFOPLIST_FILE = CedarShortcuts/Info.plist;
				INSTALL_PATH = "/Library/Application Support/Developer/Shared/Xcode/Plug-ins";
				LD_RUNPATH_SEARCH_PATHS = /Developer;
				PRODUCT_NAME = "$(TARGET_NAME)";
				STRIP_INSTALLED_PRODUCT = NO;
				WRAPPER_EXTENSION = xcplugin;
			};
			name = Release;
		};
		96387014161815C600BE29E7 /* Debug */ = {
			isa = XCBuildConfiguration;
			buildSettings = {
				ALWAYS_SEARCH_USER_PATHS = NO;
				ARCHS = "$(ARCHS_STANDARD_64_BIT)";
				CLANG_CXX_LANGUAGE_STANDARD = "gnu++0x";
				COPY_PHASE_STRIP = NO;
				DEBUGGING_SYMBOLS = YES;
				GCC_C_LANGUAGE_STANDARD = gnu99;
				GCC_DYNAMIC_NO_PIC = NO;
				GCC_ENABLE_OBJC_EXCEPTIONS = YES;
				GCC_GENERATE_DEBUGGING_SYMBOLS = YES;
				GCC_OPTIMIZATION_LEVEL = 0;
				GCC_SYMBOLS_PRIVATE_EXTERN = NO;
				MACOSX_DEPLOYMENT_TARGET = 10.8;
				ONLY_ACTIVE_ARCH = YES;
				OTHER_CFLAGS = "";
				OTHER_LDFLAGS = "";
				PRODUCT_NAME = "$(TARGET_NAME)";
			};
			name = Debug;
		};
		96387015161815C600BE29E7 /* Release */ = {
			isa = XCBuildConfiguration;
			buildSettings = {
				ALWAYS_SEARCH_USER_PATHS = NO;
				ARCHS = "$(ARCHS_STANDARD_64_BIT)";
				CLANG_CXX_LANGUAGE_STANDARD = "gnu++0x";
				COPY_PHASE_STRIP = YES;
				GCC_C_LANGUAGE_STANDARD = gnu99;
				GCC_ENABLE_OBJC_EXCEPTIONS = YES;
				MACOSX_DEPLOYMENT_TARGET = 10.8;
				OTHER_CFLAGS = "";
				OTHER_LDFLAGS = "";
				PRODUCT_NAME = "$(TARGET_NAME)";
			};
			name = Release;
		};
/* End XCBuildConfiguration section */

/* Begin XCConfigurationList section */
		960FA0891605819F00923A87 /* Build configuration list for PBXProject "CedarShortcuts" */ = {
			isa = XCConfigurationList;
			buildConfigurations = (
				960FA09B160581A000923A87 /* Debug */,
				960FA09C160581A000923A87 /* Release */,
			);
			defaultConfigurationIsVisible = 0;
			defaultConfigurationName = Release;
		};
		960FA09D160581A000923A87 /* Build configuration list for PBXNativeTarget "CedarShortcuts" */ = {
			isa = XCConfigurationList;
			buildConfigurations = (
				960FA09E160581A000923A87 /* Debug */,
				960FA09F160581A000923A87 /* Release */,
			);
			defaultConfigurationIsVisible = 0;
			defaultConfigurationName = Release;
		};
		96387013161815C600BE29E7 /* Build configuration list for PBXLegacyTarget "Clean" */ = {
			isa = XCConfigurationList;
			buildConfigurations = (
				96387014161815C600BE29E7 /* Debug */,
				96387015161815C600BE29E7 /* Release */,
			);
			defaultConfigurationIsVisible = 0;
		};
/* End XCConfigurationList section */
	};
	rootObject = 960FA0861605819F00923A87 /* Project object */;
}
