// !$*UTF8*$!
{
	archiveVersion = 1;
	classes = {
	};
	objectVersion = 46;
	objects = {

/* Begin PBXBuildFile section */
		22196F37161F4042007EEDF8 /* CDRSOpenAlternate.m in Sources */ = {isa = PBXBuildFile; fileRef = 22196F36161F4042007EEDF8 /* CDRSOpenAlternate.m */; };
		22196F3A161F65FF007EEDF8 /* CDRSFilePathNavigator.m in Sources */ = {isa = PBXBuildFile; fileRef = 22196F39161F65FF007EEDF8 /* CDRSFilePathNavigator.m */; };
		22EE4BC9161F3DD200A0FAFE /* CDRSOpenAlternateMenu.m in Sources */ = {isa = PBXBuildFile; fileRef = 22EE4BC8161F3DD200A0FAFE /* CDRSOpenAlternateMenu.m */; };
		960985CA1613105500BFBE51 /* CDRSRunFocused.m in Sources */ = {isa = PBXBuildFile; fileRef = 960985C91613105500BFBE51 /* CDRSRunFocused.m */; };
		960FA0931605819F00923A87 /* CoreFoundation.framework in Frameworks */ = {isa = PBXBuildFile; fileRef = 960FA0921605819F00923A87 /* CoreFoundation.framework */; };
		960FA0A2160584AC00923A87 /* CedarShortcuts.m in Sources */ = {isa = PBXBuildFile; fileRef = 960FA0A1160584AC00923A87 /* CedarShortcuts.m */; };
		960FA0A51605858E00923A87 /* AppKit.framework in Frameworks */ = {isa = PBXBuildFile; fileRef = 960FA0A31605858400923A87 /* AppKit.framework */; };
		961B3EC916B65E94001A27ED /* CDRSAlert.m in Sources */ = {isa = PBXBuildFile; fileRef = 961B3EC816B65E94001A27ED /* CDRSAlert.m */; };
		9646DDEE161D435F00AAF79C /* CDRSRunFocusedMenu.m in Sources */ = {isa = PBXBuildFile; fileRef = 9646DDED161D435F00AAF79C /* CDRSRunFocusedMenu.m */; };
		96593EE716226AA1009C7979 /* CDRSInsertImport.m in Sources */ = {isa = PBXBuildFile; fileRef = 96593EE616226AA1009C7979 /* CDRSInsertImport.m */; };
		966A685C16465960005D28B7 /* CDRSShowRecentFiles.m in Sources */ = {isa = PBXBuildFile; fileRef = 966A685B16465960005D28B7 /* CDRSShowRecentFiles.m */; };
		966A686016465A06005D28B7 /* CDRSViewMenu.m in Sources */ = {isa = PBXBuildFile; fileRef = 966A685F16465A06005D28B7 /* CDRSViewMenu.m */; };
		9677A43D1612C65200A4708D /* NSObject+CDRSChainSelector.m in Sources */ = {isa = PBXBuildFile; fileRef = 9677A43C1612C65200A4708D /* NSObject+CDRSChainSelector.m */; };
		9677A4401612C6D700A4708D /* IDELaunchSession_CDRSCustomize.m in Sources */ = {isa = PBXBuildFile; fileRef = 9677A43F1612C6D700A4708D /* IDELaunchSession_CDRSCustomize.m */; };
		969FAA5216224F4700E48B0A /* CDRSEditMenu.m in Sources */ = {isa = PBXBuildFile; fileRef = 969FAA5116224F4700E48B0A /* CDRSEditMenu.m */; };
		96C2110216B619B30088393E /* CDRSSchemePicker.m in Sources */ = {isa = PBXBuildFile; fileRef = 96C2110116B619B30088393E /* CDRSSchemePicker.m */; };
		96CADEC01626A78700A0B674 /* CDRSUtils.m in Sources */ = {isa = PBXBuildFile; fileRef = 96CADEBF1626A78700A0B674 /* CDRSUtils.m */; };
		96DB4E4316227C4E00743C95 /* CDRSXcode.m in Sources */ = {isa = PBXBuildFile; fileRef = 96DB4E4216227C4E00743C95 /* CDRSXcode.m */; };
/* End PBXBuildFile section */

/* Begin PBXContainerItemProxy section */
		96387017161816B900BE29E7 /* PBXContainerItemProxy */ = {
			isa = PBXContainerItemProxy;
			containerPortal = 960FA0861605819F00923A87 /* Project object */;
			proxyType = 1;
			remoteGlobalIDString = 96387012161815C600BE29E7;
			remoteInfo = Clean;
		};
/* End PBXContainerItemProxy section */

/* Begin PBXFileReference section */
		22196F35161F4042007EEDF8 /* CDRSOpenAlternate.h */ = {isa = PBXFileReference; fileEncoding = 4; lastKnownFileType = sourcecode.c.h; path = CDRSOpenAlternate.h; sourceTree = "<group>"; };
		22196F36161F4042007EEDF8 /* CDRSOpenAlternate.m */ = {isa = PBXFileReference; fileEncoding = 4; lastKnownFileType = sourcecode.c.objc; path = CDRSOpenAlternate.m; sourceTree = "<group>"; };
		22196F38161F65FF007EEDF8 /* CDRSFilePathNavigator.h */ = {isa = PBXFileReference; fileEncoding = 4; lastKnownFileType = sourcecode.c.h; path = CDRSFilePathNavigator.h; sourceTree = "<group>"; };
		22196F39161F65FF007EEDF8 /* CDRSFilePathNavigator.m */ = {isa = PBXFileReference; fileEncoding = 4; lastKnownFileType = sourcecode.c.objc; path = CDRSFilePathNavigator.m; sourceTree = "<group>"; };
		22EE4BC7161F3DD200A0FAFE /* CDRSOpenAlternateMenu.h */ = {isa = PBXFileReference; fileEncoding = 4; lastKnownFileType = sourcecode.c.h; path = CDRSOpenAlternateMenu.h; sourceTree = "<group>"; };
		22EE4BC8161F3DD200A0FAFE /* CDRSOpenAlternateMenu.m */ = {isa = PBXFileReference; fileEncoding = 4; lastKnownFileType = sourcecode.c.objc; path = CDRSOpenAlternateMenu.m; sourceTree = "<group>"; };
		960985C81613105500BFBE51 /* CDRSRunFocused.h */ = {isa = PBXFileReference; fileEncoding = 4; lastKnownFileType = sourcecode.c.h; path = CDRSRunFocused.h; sourceTree = "<group>"; };
		960985C91613105500BFBE51 /* CDRSRunFocused.m */ = {isa = PBXFileReference; fileEncoding = 4; lastKnownFileType = sourcecode.c.objc; path = CDRSRunFocused.m; sourceTree = "<group>"; };
		960FA08F1605819F00923A87 /* CedarShortcuts.xcplugin */ = {isa = PBXFileReference; explicitFileType = wrapper.cfbundle; includeInIndex = 0; path = CedarShortcuts.xcplugin; sourceTree = BUILT_PRODUCTS_DIR; };
		960FA0921605819F00923A87 /* CoreFoundation.framework */ = {isa = PBXFileReference; lastKnownFileType = wrapper.framework; name = CoreFoundation.framework; path = System/Library/Frameworks/CoreFoundation.framework; sourceTree = SDKROOT; };
		960FA0961605819F00923A87 /* Info.plist */ = {isa = PBXFileReference; lastKnownFileType = text.plist.xml; path = Info.plist; sourceTree = "<group>"; };
		960FA0A0160584AC00923A87 /* CedarShortcuts.h */ = {isa = PBXFileReference; fileEncoding = 4; lastKnownFileType = sourcecode.c.h; path = CedarShortcuts.h; sourceTree = "<group>"; };
		960FA0A1160584AC00923A87 /* CedarShortcuts.m */ = {isa = PBXFileReference; fileEncoding = 4; lastKnownFileType = sourcecode.c.objc; path = CedarShortcuts.m; sourceTree = "<group>"; };
		960FA0A31605858400923A87 /* AppKit.framework */ = {isa = PBXFileReference; lastKnownFileType = wrapper.framework; name = AppKit.framework; path = System/Library/Frameworks/AppKit.framework; sourceTree = SDKROOT; };
		961B3EC516B65D5E001A27ED /* CDRSXcodeInterfaces.h */ = {isa = PBXFileReference; fileEncoding = 4; lastKnownFileType = sourcecode.c.h; path = CDRSXcodeInterfaces.h; sourceTree = "<group>"; };
		961B3EC716B65E94001A27ED /* CDRSAlert.h */ = {isa = PBXFileReference; fileEncoding = 4; lastKnownFileType = sourcecode.c.h; path = CDRSAlert.h; sourceTree = "<group>"; };
		961B3EC816B65E94001A27ED /* CDRSAlert.m */ = {isa = PBXFileReference; fileEncoding = 4; lastKnownFileType = sourcecode.c.objc; path = CDRSAlert.m; sourceTree = "<group>"; };
		96387016161816A500BE29E7 /* clean.sh */ = {isa = PBXFileReference; fileEncoding = 4; lastKnownFileType = text.script.sh; path = clean.sh; sourceTree = "<group>"; };
		9646DDEC161D435F00AAF79C /* CDRSRunFocusedMenu.h */ = {isa = PBXFileReference; fileEncoding = 4; lastKnownFileType = sourcecode.c.h; path = CDRSRunFocusedMenu.h; sourceTree = "<group>"; };
		9646DDED161D435F00AAF79C /* CDRSRunFocusedMenu.m */ = {isa = PBXFileReference; fileEncoding = 4; lastKnownFileType = sourcecode.c.objc; path = CDRSRunFocusedMenu.m; sourceTree = "<group>"; };
		96593EE516226AA1009C7979 /* CDRSInsertImport.h */ = {isa = PBXFileReference; fileEncoding = 4; lastKnownFileType = sourcecode.c.h; path = CDRSInsertImport.h; sourceTree = "<group>"; };
		96593EE616226AA1009C7979 /* CDRSInsertImport.m */ = {isa = PBXFileReference; fileEncoding = 4; lastKnownFileType = sourcecode.c.objc; path = CDRSInsertImport.m; sourceTree = "<group>"; };
		966A685A16465960005D28B7 /* CDRSShowRecentFiles.h */ = {isa = PBXFileReference; fileEncoding = 4; lastKnownFileType = sourcecode.c.h; path = CDRSShowRecentFiles.h; sourceTree = "<group>"; };
		966A685B16465960005D28B7 /* CDRSShowRecentFiles.m */ = {isa = PBXFileReference; fileEncoding = 4; lastKnownFileType = sourcecode.c.objc; path = CDRSShowRecentFiles.m; sourceTree = "<group>"; };
		966A685E16465A06005D28B7 /* CDRSViewMenu.h */ = {isa = PBXFileReference; fileEncoding = 4; lastKnownFileType = sourcecode.c.h; path = CDRSViewMenu.h; sourceTree = "<group>"; };
		966A685F16465A06005D28B7 /* CDRSViewMenu.m */ = {isa = PBXFileReference; fileEncoding = 4; lastKnownFileType = sourcecode.c.objc; path = CDRSViewMenu.m; sourceTree = "<group>"; };
		9677A43A1612C61E00A4708D /* NSObject+CDRSChainSelector.h */ = {isa = PBXFileReference; lastKnownFileType = sourcecode.c.h; path = "NSObject+CDRSChainSelector.h"; sourceTree = "<group>"; };
		9677A43C1612C65200A4708D /* NSObject+CDRSChainSelector.m */ = {isa = PBXFileReference; fileEncoding = 4; lastKnownFileType = sourcecode.c.objc; path = "NSObject+CDRSChainSelector.m"; sourceTree = "<group>"; };
		9677A43E1612C6D700A4708D /* IDELaunchSession_CDRSCustomize.h */ = {isa = PBXFileReference; fileEncoding = 4; lastKnownFileType = sourcecode.c.h; path = IDELaunchSession_CDRSCustomize.h; sourceTree = "<group>"; };
		9677A43F1612C6D700A4708D /* IDELaunchSession_CDRSCustomize.m */ = {isa = PBXFileReference; fileEncoding = 4; lastKnownFileType = sourcecode.c.objc; path = IDELaunchSession_CDRSCustomize.m; sourceTree = "<group>"; };
		969FAA5016224F4700E48B0A /* CDRSEditMenu.h */ = {isa = PBXFileReference; fileEncoding = 4; lastKnownFileType = sourcecode.c.h; path = CDRSEditMenu.h; sourceTree = "<group>"; };
		969FAA5116224F4700E48B0A /* CDRSEditMenu.m */ = {isa = PBXFileReference; fileEncoding = 4; lastKnownFileType = sourcecode.c.objc; path = CDRSEditMenu.m; sourceTree = "<group>"; };
		96C2110016B619B30088393E /* CDRSSchemePicker.h */ = {isa = PBXFileReference; fileEncoding = 4; lastKnownFileType = sourcecode.c.h; path = CDRSSchemePicker.h; sourceTree = "<group>"; };
		96C2110116B619B30088393E /* CDRSSchemePicker.m */ = {isa = PBXFileReference; fileEncoding = 4; lastKnownFileType = sourcecode.c.objc; path = CDRSSchemePicker.m; sourceTree = "<group>"; };
		96CADEBE1626A78700A0B674 /* CDRSUtils.h */ = {isa = PBXFileReference; fileEncoding = 4; lastKnownFileType = sourcecode.c.h; path = CDRSUtils.h; sourceTree = "<group>"; };
		96CADEBF1626A78700A0B674 /* CDRSUtils.m */ = {isa = PBXFileReference; fileEncoding = 4; lastKnownFileType = sourcecode.c.objc; path = CDRSUtils.m; sourceTree = "<group>"; };
		96DB4E4116227C4E00743C95 /* CDRSXcode.h */ = {isa = PBXFileReference; fileEncoding = 4; lastKnownFileType = sourcecode.c.h; path = CDRSXcode.h; sourceTree = "<group>"; };
		96DB4E4216227C4E00743C95 /* CDRSXcode.m */ = {isa = PBXFileReference; fileEncoding = 4; lastKnownFileType = sourcecode.c.objc; path = CDRSXcode.m; sourceTree = "<group>"; };
		96FF419916060A3300B461B4 /* README.md */ = {isa = PBXFileReference; fileEncoding = 4; lastKnownFileType = text; path = README.md; sourceTree = "<group>"; };
/* End PBXFileReference section */

/* Begin PBXFrameworksBuildPhase section */
		960FA08C1605819F00923A87 /* Frameworks */ = {
			isa = PBXFrameworksBuildPhase;
			buildActionMask = 2147483647;
			files = (
				960FA0A51605858E00923A87 /* AppKit.framework in Frameworks */,
				960FA0931605819F00923A87 /* CoreFoundation.framework in Frameworks */,
			);
			runOnlyForDeploymentPostprocessing = 0;
		};
/* End PBXFrameworksBuildPhase section */

/* Begin PBXGroup section */
		9608A8FB1622754500763892 /* Menu Additions */ = {
			isa = PBXGroup;
			children = (
				22EE4BC7161F3DD200A0FAFE /* CDRSOpenAlternateMenu.h */,
				22EE4BC8161F3DD200A0FAFE /* CDRSOpenAlternateMenu.m */,
				9646DDEC161D435F00AAF79C /* CDRSRunFocusedMenu.h */,
				9646DDED161D435F00AAF79C /* CDRSRunFocusedMenu.m */,
				969FAA5016224F4700E48B0A /* CDRSEditMenu.h */,
				969FAA5116224F4700E48B0A /* CDRSEditMenu.m */,
				966A685E16465A06005D28B7 /* CDRSViewMenu.h */,
				966A685F16465A06005D28B7 /* CDRSViewMenu.m */,
			);
			name = "Menu Additions";
			sourceTree = "<group>";
		};
		9608A8FD1622755B00763892 /* Actions */ = {
			isa = PBXGroup;
			children = (
				22196F35161F4042007EEDF8 /* CDRSOpenAlternate.h */,
				22196F36161F4042007EEDF8 /* CDRSOpenAlternate.m */,
				960985C81613105500BFBE51 /* CDRSRunFocused.h */,
				960985C91613105500BFBE51 /* CDRSRunFocused.m */,
				96593EE516226AA1009C7979 /* CDRSInsertImport.h */,
				96593EE616226AA1009C7979 /* CDRSInsertImport.m */,
				966A685A16465960005D28B7 /* CDRSShowRecentFiles.h */,
				966A685B16465960005D28B7 /* CDRSShowRecentFiles.m */,
			);
			name = Actions;
			sourceTree = "<group>";
		};
		9608A8FE1622757F00763892 /* Xcode Additions */ = {
			isa = PBXGroup;
			children = (
				9677A43E1612C6D700A4708D /* IDELaunchSession_CDRSCustomize.h */,
				9677A43F1612C6D700A4708D /* IDELaunchSession_CDRSCustomize.m */,
			);
			name = "Xcode Additions";
			sourceTree = "<group>";
		};
		960FA0841605819F00923A87 = {
			isa = PBXGroup;
			children = (
				96FF419916060A3300B461B4 /* README.md */,
				960FA0941605819F00923A87 /* CedarShortcuts */,
				960FA0951605819F00923A87 /* Supporting Files */,
				960FA0911605819F00923A87 /* Frameworks */,
				960FA0901605819F00923A87 /* Products */,
			);
			sourceTree = "<group>";
		};
		960FA0901605819F00923A87 /* Products */ = {
			isa = PBXGroup;
			children = (
				960FA08F1605819F00923A87 /* CedarShortcuts.xcplugin */,
			);
			name = Products;
			sourceTree = "<group>";
		};
		960FA0911605819F00923A87 /* Frameworks */ = {
			isa = PBXGroup;
			children = (
				960FA0A31605858400923A87 /* AppKit.framework */,
				960FA0921605819F00923A87 /* CoreFoundation.framework */,
			);
			name = Frameworks;
			sourceTree = "<group>";
		};
		960FA0941605819F00923A87 /* CedarShortcuts */ = {
			isa = PBXGroup;
			children = (
				960FA0A0160584AC00923A87 /* CedarShortcuts.h */,
				960FA0A1160584AC00923A87 /* CedarShortcuts.m */,
				96DB4E4116227C4E00743C95 /* CDRSXcode.h */,
				96DB4E4216227C4E00743C95 /* CDRSXcode.m */,
				961B3EC516B65D5E001A27ED /* CDRSXcodeInterfaces.h */,
				9608A8FB1622754500763892 /* Menu Additions */,
				9608A8FD1622755B00763892 /* Actions */,
				96A20EE516B61CA200B39B2A /* Other */,
				9608A8FE1622757F00763892 /* Xcode Additions */,
				96DB4E451622824600743C95 /* Utils */,
			);
			path = CedarShortcuts;
			sourceTree = "<group>";
		};
		960FA0951605819F00923A87 /* Supporting Files */ = {
			isa = PBXGroup;
			children = (
				960FA0961605819F00923A87 /* Info.plist */,
				96387016161816A500BE29E7 /* clean.sh */,
			);
			name = "Supporting Files";
			path = CedarShortcuts;
			sourceTree = "<group>";
		};
		96A20EE516B61CA200B39B2A /* Other */ = {
			isa = PBXGroup;
			children = (
				22196F38161F65FF007EEDF8 /* CDRSFilePathNavigator.h */,
				22196F39161F65FF007EEDF8 /* CDRSFilePathNavigator.m */,
				96C2110016B619B30088393E /* CDRSSchemePicker.h */,
				96C2110116B619B30088393E /* CDRSSchemePicker.m */,
				961B3EC716B65E94001A27ED /* CDRSAlert.h */,
				961B3EC816B65E94001A27ED /* CDRSAlert.m */,
			);
			name = Other;
			sourceTree = "<group>";
		};
		96DB4E451622824600743C95 /* Utils */ = {
			isa = PBXGroup;
			children = (
				96CADEBE1626A78700A0B674 /* CDRSUtils.h */,
				96CADEBF1626A78700A0B674 /* CDRSUtils.m */,
				9677A43A1612C61E00A4708D /* NSObject+CDRSChainSelector.h */,
				9677A43C1612C65200A4708D /* NSObject+CDRSChainSelector.m */,
			);
			name = Utils;
			sourceTree = "<group>";
		};
/* End PBXGroup section */

/* Begin PBXLegacyTarget section */
		96387012161815C600BE29E7 /* Clean */ = {
			isa = PBXLegacyTarget;
			buildArgumentsString = "${PROJECT_DIR}/${PROJECT}/clean.sh";
			buildConfigurationList = 96387013161815C600BE29E7 /* Build configuration list for PBXLegacyTarget "Clean" */;
			buildPhases = (
			);
			buildToolPath = /bin/sh;
			buildWorkingDirectory = "";
			dependencies = (
			);
			name = Clean;
			passBuildSettingsInEnvironment = 1;
			productName = Clean;
		};
/* End PBXLegacyTarget section */

/* Begin PBXNativeTarget section */
		960FA08E1605819F00923A87 /* CedarShortcuts */ = {
			isa = PBXNativeTarget;
			buildConfigurationList = 960FA09D160581A000923A87 /* Build configuration list for PBXNativeTarget "CedarShortcuts" */;
			buildPhases = (
				960FA08B1605819F00923A87 /* Sources */,
				960FA08C1605819F00923A87 /* Frameworks */,
			);
			buildRules = (
			);
			dependencies = (
				96387018161816B900BE29E7 /* PBXTargetDependency */,
			);
			name = CedarShortcuts;
			productName = CedarShortcuts;
			productReference = 960FA08F1605819F00923A87 /* CedarShortcuts.xcplugin */;
			productType = "com.apple.product-type.bundle";
		};
/* End PBXNativeTarget section */

/* Begin PBXProject section */
		960FA0861605819F00923A87 /* Project object */ = {
			isa = PBXProject;
			attributes = {
				LastUpgradeCheck = 0450;
			};
			buildConfigurationList = 960FA0891605819F00923A87 /* Build configuration list for PBXProject "CedarShortcuts" */;
			compatibilityVersion = "Xcode 3.2";
			developmentRegion = English;
			hasScannedForEncodings = 0;
			knownRegions = (
				en,
			);
			mainGroup = 960FA0841605819F00923A87;
			productRefGroup = 960FA0901605819F00923A87 /* Products */;
			projectDirPath = "";
			projectRoot = "";
			targets = (
				960FA08E1605819F00923A87 /* CedarShortcuts */,
				96387012161815C600BE29E7 /* Clean */,
			);
		};
/* End PBXProject section */

/* Begin PBXSourcesBuildPhase section */
		960FA08B1605819F00923A87 /* Sources */ = {
			isa = PBXSourcesBuildPhase;
			buildActionMask = 2147483647;
			files = (
				960FA0A2160584AC00923A87 /* CedarShortcuts.m in Sources */,
				9677A43D1612C65200A4708D /* NSObject+CDRSChainSelector.m in Sources */,
				9677A4401612C6D700A4708D /* IDELaunchSession_CDRSCustomize.m in Sources */,
				960985CA1613105500BFBE51 /* CDRSRunFocused.m in Sources */,
				9646DDEE161D435F00AAF79C /* CDRSRunFocusedMenu.m in Sources */,
				22EE4BC9161F3DD200A0FAFE /* CDRSOpenAlternateMenu.m in Sources */,
				22196F37161F4042007EEDF8 /* CDRSOpenAlternate.m in Sources */,
				22196F3A161F65FF007EEDF8 /* CDRSFilePathNavigator.m in Sources */,
				969FAA5216224F4700E48B0A /* CDRSEditMenu.m in Sources */,
				96593EE716226AA1009C7979 /* CDRSInsertImport.m in Sources */,
				96DB4E4316227C4E00743C95 /* CDRSXcode.m in Sources */,
				96CADEC01626A78700A0B674 /* CDRSUtils.m in Sources */,
				966A685C16465960005D28B7 /* CDRSShowRecentFiles.m in Sources */,
				966A686016465A06005D28B7 /* CDRSViewMenu.m in Sources */,
				96C2110216B619B30088393E /* CDRSSchemePicker.m in Sources */,
				961B3EC916B65E94001A27ED /* CDRSAlert.m in Sources */,
			);
			runOnlyForDeploymentPostprocessing = 0;
		};
/* End PBXSourcesBuildPhase section */

/* Begin PBXTargetDependency section */
		96387018161816B900BE29E7 /* PBXTargetDependency */ = {
			isa = PBXTargetDependency;
			target = 96387012161815C600BE29E7 /* Clean */;
			targetProxy = 96387017161816B900BE29E7 /* PBXContainerItemProxy */;
		};
/* End PBXTargetDependency section */

/* Begin XCBuildConfiguration section */
		960FA09B160581A000923A87 /* Debug */ = {
			isa = XCBuildConfiguration;
			buildSettings = {
				ARCHS = "$(ARCHS_STANDARD_32_64_BIT)";
				CLANG_WARN__DUPLICATE_METHOD_MATCH = YES;
				GCC_C_LANGUAGE_STANDARD = c99;
				GCC_OPTIMIZATION_LEVEL = 0;
				GCC_PREPROCESSOR_DEFINITIONS = (
					"DEBUG=1",
					"$(inherited)",
				);
				GCC_WARN_64_TO_32_BIT_CONVERSION = YES;
				GCC_WARN_ABOUT_RETURN_TYPE = YES;
				GCC_WARN_UNINITIALIZED_AUTOS = YES;
				GCC_WARN_UNUSED_VARIABLE = YES;
				INSTALL_PATH = "$(HOME)/Library/Application Support/Developer/Shared/Xcode/Plug-ins";
				SDKROOT = macosx;
			};
			name = Debug;
		};
		960FA09C160581A000923A87 /* Release */ = {
			isa = XCBuildConfiguration;
			buildSettings = {
				ARCHS = "$(ARCHS_STANDARD_32_64_BIT)";
				CLANG_WARN__DUPLICATE_METHOD_MATCH = YES;
				DEBUG_INFORMATION_FORMAT = "dwarf-with-dsym";
				GCC_C_LANGUAGE_STANDARD = c99;
				GCC_OPTIMIZATION_LEVEL = 0;
				GCC_WARN_64_TO_32_BIT_CONVERSION = YES;
				GCC_WARN_ABOUT_RETURN_TYPE = YES;
				GCC_WARN_UNINITIALIZED_AUTOS = YES;
				GCC_WARN_UNUSED_VARIABLE = YES;
				INSTALL_PATH = "$(HOME)/Library/Application Support/Developer/Shared/Xcode/Plug-ins";
				SDKROOT = macosx;
			};
			name = Release;
		};
		960FA09E160581A000923A87 /* Debug */ = {
			isa = XCBuildConfiguration;
			buildSettings = {
				CLANG_WARN_DEPRECATED_OBJC_IMPLEMENTATIONS = YES;
				CLANG_WARN_IMPLICIT_SIGN_CONVERSION = YES;
				CLANG_WARN_OBJC_IMPLICIT_ATOMIC_PROPERTIES = YES;
				CLANG_WARN_OBJC_MISSING_PROPERTY_SYNTHESIS = YES;
				CLANG_WARN_SUSPICIOUS_IMPLICIT_CONVERSION = YES;
				COMBINE_HIDPI_IMAGES = YES;
				COPY_PHASE_STRIP = NO;
				DEPLOYMENT_LOCATION = YES;
				DEPLOYMENT_POSTPROCESSING = YES;
				DSTROOT = "$(HOME)";
				GCC_ENABLE_OBJC_GC = unsupported;
				GCC_MODEL_TUNING = G5;
				GCC_TREAT_IMPLICIT_FUNCTION_DECLARATIONS_AS_ERRORS = YES;
				GCC_TREAT_INCOMPATIBLE_POINTER_TYPE_WARNINGS_AS_ERRORS = YES;
				GCC_TREAT_WARNINGS_AS_ERRORS = YES;
				GCC_WARN_ABOUT_MISSING_FIELD_INITIALIZERS = YES;
				GCC_WARN_ABOUT_MISSING_NEWLINE = YES;
				GCC_WARN_ABOUT_MISSING_PROTOTYPES = YES;
				GCC_WARN_SHADOW = YES;
				GCC_WARN_STRICT_SELECTOR_MATCH = YES;
				GCC_WARN_UNDECLARED_SELECTOR = YES;
				INFOPLIST_FILE = CedarShortcuts/Info.plist;
				INSTALL_PATH = "/Library/Application Support/Developer/Shared/Xcode/Plug-ins";
				LD_RUNPATH_SEARCH_PATHS = /Developer;
				PRODUCT_NAME = "$(TARGET_NAME)";
				STRIP_INSTALLED_PRODUCT = NO;
				WRAPPER_EXTENSION = xcplugin;
			};
			name = Debug;
		};
		960FA09F160581A000923A87 /* Release */ = {
			isa = XCBuildConfiguration;
			buildSettings = {
				CLANG_WARN_DEPRECATED_OBJC_IMPLEMENTATIONS = YES;
				CLANG_WARN_IMPLICIT_SIGN_CONVERSION = YES;
				CLANG_WARN_OBJC_IMPLICIT_ATOMIC_PROPERTIES = YES;
				CLANG_WARN_OBJC_MISSING_PROPERTY_SYNTHESIS = YES;
				CLANG_WARN_SUSPICIOUS_IMPLICIT_CONVERSION = YES;
				COMBINE_HIDPI_IMAGES = YES;
				COPY_PHASE_STRIP = NO;
				DEPLOYMENT_LOCATION = YES;
				DEPLOYMENT_POSTPROCESSING = YES;
				DSTROOT = "$(HOME)";
				GCC_ENABLE_OBJC_GC = unsupported;
				GCC_MODEL_TUNING = G5;
				GCC_TREAT_IMPLICIT_FUNCTION_DECLARATIONS_AS_ERRORS = YES;
				GCC_TREAT_INCOMPATIBLE_POINTER_TYPE_WARNINGS_AS_ERRORS = YES;
				GCC_TREAT_WARNINGS_AS_ERRORS = YES;
				GCC_WARN_ABOUT_MISSING_FIELD_INITIALIZERS = YES;
				GCC_WARN_ABOUT_MISSING_NEWLINE = YES;
				GCC_WARN_ABOUT_MISSING_PROTOTYPES = YES;
				GCC_WARN_SHADOW = YES;
				GCC_WARN_STRICT_SELECTOR_MATCH = YES;
				GCC_WARN_UNDECLARED_SELECTOR = YES;
				INFOPLIST_FILE = CedarShortcuts/Info.plist;
				INSTALL_PATH = "/Library/Application Support/Developer/Shared/Xcode/Plug-ins";
				LD_RUNPATH_SEARCH_PATHS = /Developer;
				PRODUCT_NAME = "$(TARGET_NAME)";
				STRIP_INSTALLED_PRODUCT = NO;
				WRAPPER_EXTENSION = xcplugin;
			};
			name = Release;
		};
		96387014161815C600BE29E7 /* Debug */ = {
			isa = XCBuildConfiguration;
			buildSettings = {
				ALWAYS_SEARCH_USER_PATHS = NO;
				ARCHS = "$(ARCHS_STANDARD_64_BIT)";
				CLANG_CXX_LANGUAGE_STANDARD = "gnu++0x";
				COMBINE_HIDPI_IMAGES = YES;
				COPY_PHASE_STRIP = NO;
				DEBUGGING_SYMBOLS = YES;
				GCC_C_LANGUAGE_STANDARD = gnu99;
				GCC_DYNAMIC_NO_PIC = NO;
				GCC_ENABLE_OBJC_EXCEPTIONS = YES;
				GCC_GENERATE_DEBUGGING_SYMBOLS = YES;
				GCC_OPTIMIZATION_LEVEL = 0;
				GCC_SYMBOLS_PRIVATE_EXTERN = NO;
				MACOSX_DEPLOYMENT_TARGET = 10.8;
				ONLY_ACTIVE_ARCH = YES;
				OTHER_CFLAGS = "";
				OTHER_LDFLAGS = "";
				PRODUCT_NAME = "$(TARGET_NAME)";
			};
			name = Debug;
		};
		96387015161815C600BE29E7 /* Release */ = {
			isa = XCBuildConfiguration;
			buildSettings = {
				ALWAYS_SEARCH_USER_PATHS = NO;
				ARCHS = "$(ARCHS_STANDARD_64_BIT)";
				CLANG_CXX_LANGUAGE_STANDARD = "gnu++0x";
				COMBINE_HIDPI_IMAGES = YES;
				COPY_PHASE_STRIP = YES;
				GCC_C_LANGUAGE_STANDARD = gnu99;
				GCC_ENABLE_OBJC_EXCEPTIONS = YES;
				MACOSX_DEPLOYMENT_TARGET = 10.8;
				OTHER_CFLAGS = "";
				OTHER_LDFLAGS = "";
				PRODUCT_NAME = "$(TARGET_NAME)";
			};
			name = Release;
		};
/* End XCBuildConfiguration section */

/* Begin XCConfigurationList section */
		960FA0891605819F00923A87 /* Build configuration list for PBXProject "CedarShortcuts" */ = {
			isa = XCConfigurationList;
			buildConfigurations = (
				960FA09B160581A000923A87 /* Debug */,
				960FA09C160581A000923A87 /* Release */,
			);
			defaultConfigurationIsVisible = 0;
			defaultConfigurationName = Release;
		};
		960FA09D160581A000923A87 /* Build configuration list for PBXNativeTarget "CedarShortcuts" */ = {
			isa = XCConfigurationList;
			buildConfigurations = (
				960FA09E160581A000923A87 /* Debug */,
				960FA09F160581A000923A87 /* Release */,
			);
			defaultConfigurationIsVisible = 0;
			defaultConfigurationName = Release;
		};
		96387013161815C600BE29E7 /* Build configuration list for PBXLegacyTarget "Clean" */ = {
			isa = XCConfigurationList;
			buildConfigurations = (
				96387014161815C600BE29E7 /* Debug */,
				96387015161815C600BE29E7 /* Release */,
			);
			defaultConfigurationIsVisible = 0;
			defaultConfigurationName = Release;
		};
/* End XCConfigurationList section */
	};
	rootObject = 960FA0861605819F00923A87 /* Project object */;
}
